// !$*UTF8*$!
{
	archiveVersion = 1;
	classes = {
	};
	objectVersion = 56;
	objects = {

/* Begin PBXBuildFile section */
		305C6C2529D8FA370008A589 /* Posts.swift in Sources */ = {isa = PBXBuildFile; fileRef = 305C6C2429D8FA370008A589 /* Posts.swift */; };
		3D681C4029D214BF005E9AE4 /* LoginView.swift in Sources */ = {isa = PBXBuildFile; fileRef = 3D681C3F29D214BF005E9AE4 /* LoginView.swift */; };
		3D681C4329D216F2005E9AE4 /* AllertaStencil-Regular.ttf in Resources */ = {isa = PBXBuildFile; fileRef = 3D681C4229D216F2005E9AE4 /* AllertaStencil-Regular.ttf */; };
		3DAE12EA29D0B3C400243136 /* ParseSwift in Frameworks */ = {isa = PBXBuildFile; productRef = 3DAE12E929D0B3C400243136 /* ParseSwift */; };
		3DDEA7EF29D3E871000FAA18 /* SignupView.swift in Sources */ = {isa = PBXBuildFile; fileRef = 3DDEA7EE29D3E871000FAA18 /* SignupView.swift */; };
		626FA65029CE302200C24E32 /* FitInApp.swift in Sources */ = {isa = PBXBuildFile; fileRef = 626FA64F29CE302200C24E32 /* FitInApp.swift */; };
		626FA65229CE302200C24E32 /* ContentView.swift in Sources */ = {isa = PBXBuildFile; fileRef = 626FA65129CE302200C24E32 /* ContentView.swift */; };
		626FA65429CE302300C24E32 /* Assets.xcassets in Resources */ = {isa = PBXBuildFile; fileRef = 626FA65329CE302300C24E32 /* Assets.xcassets */; };
		626FA65829CE302300C24E32 /* Preview Assets.xcassets in Resources */ = {isa = PBXBuildFile; fileRef = 626FA65729CE302300C24E32 /* Preview Assets.xcassets */; };
		626FA66229CE302400C24E32 /* FitInTests.swift in Sources */ = {isa = PBXBuildFile; fileRef = 626FA66129CE302400C24E32 /* FitInTests.swift */; };
		626FA66C29CE302400C24E32 /* FitInUITests.swift in Sources */ = {isa = PBXBuildFile; fileRef = 626FA66B29CE302400C24E32 /* FitInUITests.swift */; };
		626FA66E29CE302400C24E32 /* FitInUITestsLaunchTests.swift in Sources */ = {isa = PBXBuildFile; fileRef = 626FA66D29CE302400C24E32 /* FitInUITestsLaunchTests.swift */; };
		626FA67D29CE3C2200C24E32 /* Exercise.swift in Sources */ = {isa = PBXBuildFile; fileRef = 626FA67C29CE3C2200C24E32 /* Exercise.swift */; };
		626FA67F29CE3C2E00C24E32 /* User.swift in Sources */ = {isa = PBXBuildFile; fileRef = 626FA67E29CE3C2E00C24E32 /* User.swift */; };
		626FA68129CE3C7700C24E32 /* HomeView.swift in Sources */ = {isa = PBXBuildFile; fileRef = 626FA68029CE3C7700C24E32 /* HomeView.swift */; };
		626FA68329CE3C8500C24E32 /* TrackerView.swift in Sources */ = {isa = PBXBuildFile; fileRef = 626FA68229CE3C8500C24E32 /* TrackerView.swift */; };
		626FA68529CE3C9C00C24E32 /* ExercisesView.swift in Sources */ = {isa = PBXBuildFile; fileRef = 626FA68429CE3C9C00C24E32 /* ExercisesView.swift */; };
/* End PBXBuildFile section */

/* Begin PBXContainerItemProxy section */
		626FA65E29CE302400C24E32 /* PBXContainerItemProxy */ = {
			isa = PBXContainerItemProxy;
			containerPortal = 626FA64429CE302200C24E32 /* Project object */;
			proxyType = 1;
			remoteGlobalIDString = 626FA64B29CE302200C24E32;
			remoteInfo = FitIn;
		};
		626FA66829CE302400C24E32 /* PBXContainerItemProxy */ = {
			isa = PBXContainerItemProxy;
			containerPortal = 626FA64429CE302200C24E32 /* Project object */;
			proxyType = 1;
			remoteGlobalIDString = 626FA64B29CE302200C24E32;
			remoteInfo = FitIn;
		};
/* End PBXContainerItemProxy section */

/* Begin PBXFileReference section */
		305C6C2429D8FA370008A589 /* Posts.swift */ = {isa = PBXFileReference; lastKnownFileType = sourcecode.swift; path = Posts.swift; sourceTree = "<group>"; };
		3D04865529D2A4BF00297B16 /* Info.plist */ = {isa = PBXFileReference; lastKnownFileType = text.plist; path = Info.plist; sourceTree = "<group>"; };
		3D681C3F29D214BF005E9AE4 /* LoginView.swift */ = {isa = PBXFileReference; lastKnownFileType = sourcecode.swift; path = LoginView.swift; sourceTree = "<group>"; };
		3D681C4229D216F2005E9AE4 /* AllertaStencil-Regular.ttf */ = {isa = PBXFileReference; lastKnownFileType = file; path = "AllertaStencil-Regular.ttf"; sourceTree = "<group>"; };
		3DDEA7EE29D3E871000FAA18 /* SignupView.swift */ = {isa = PBXFileReference; lastKnownFileType = sourcecode.swift; path = SignupView.swift; sourceTree = "<group>"; };
		626FA64C29CE302200C24E32 /* FitIn.app */ = {isa = PBXFileReference; explicitFileType = wrapper.application; includeInIndex = 0; path = FitIn.app; sourceTree = BUILT_PRODUCTS_DIR; };
		626FA64F29CE302200C24E32 /* FitInApp.swift */ = {isa = PBXFileReference; lastKnownFileType = sourcecode.swift; path = FitInApp.swift; sourceTree = "<group>"; };
		626FA65129CE302200C24E32 /* ContentView.swift */ = {isa = PBXFileReference; lastKnownFileType = sourcecode.swift; path = ContentView.swift; sourceTree = "<group>"; };
		626FA65329CE302300C24E32 /* Assets.xcassets */ = {isa = PBXFileReference; lastKnownFileType = folder.assetcatalog; path = Assets.xcassets; sourceTree = "<group>"; };
		626FA65529CE302300C24E32 /* FitIn.entitlements */ = {isa = PBXFileReference; lastKnownFileType = text.plist.entitlements; path = FitIn.entitlements; sourceTree = "<group>"; };
		626FA65729CE302300C24E32 /* Preview Assets.xcassets */ = {isa = PBXFileReference; lastKnownFileType = folder.assetcatalog; path = "Preview Assets.xcassets"; sourceTree = "<group>"; };
		626FA65D29CE302400C24E32 /* FitInTests.xctest */ = {isa = PBXFileReference; explicitFileType = wrapper.cfbundle; includeInIndex = 0; path = FitInTests.xctest; sourceTree = BUILT_PRODUCTS_DIR; };
		626FA66129CE302400C24E32 /* FitInTests.swift */ = {isa = PBXFileReference; lastKnownFileType = sourcecode.swift; path = FitInTests.swift; sourceTree = "<group>"; };
		626FA66729CE302400C24E32 /* FitInUITests.xctest */ = {isa = PBXFileReference; explicitFileType = wrapper.cfbundle; includeInIndex = 0; path = FitInUITests.xctest; sourceTree = BUILT_PRODUCTS_DIR; };
		626FA66B29CE302400C24E32 /* FitInUITests.swift */ = {isa = PBXFileReference; lastKnownFileType = sourcecode.swift; path = FitInUITests.swift; sourceTree = "<group>"; };
		626FA66D29CE302400C24E32 /* FitInUITestsLaunchTests.swift */ = {isa = PBXFileReference; lastKnownFileType = sourcecode.swift; path = FitInUITestsLaunchTests.swift; sourceTree = "<group>"; };
		626FA67C29CE3C2200C24E32 /* Exercise.swift */ = {isa = PBXFileReference; lastKnownFileType = sourcecode.swift; path = Exercise.swift; sourceTree = "<group>"; };
		626FA67E29CE3C2E00C24E32 /* User.swift */ = {isa = PBXFileReference; lastKnownFileType = sourcecode.swift; path = User.swift; sourceTree = "<group>"; };
		626FA68029CE3C7700C24E32 /* HomeView.swift */ = {isa = PBXFileReference; lastKnownFileType = sourcecode.swift; path = HomeView.swift; sourceTree = "<group>"; };
		626FA68229CE3C8500C24E32 /* TrackerView.swift */ = {isa = PBXFileReference; lastKnownFileType = sourcecode.swift; path = TrackerView.swift; sourceTree = "<group>"; };
		626FA68429CE3C9C00C24E32 /* ExercisesView.swift */ = {isa = PBXFileReference; lastKnownFileType = sourcecode.swift; path = ExercisesView.swift; sourceTree = "<group>"; };
/* End PBXFileReference section */

/* Begin PBXFrameworksBuildPhase section */
		626FA64929CE302200C24E32 /* Frameworks */ = {
			isa = PBXFrameworksBuildPhase;
			buildActionMask = 2147483647;
			files = (
				3DAE12EA29D0B3C400243136 /* ParseSwift in Frameworks */,
			);
			runOnlyForDeploymentPostprocessing = 0;
		};
		626FA65A29CE302400C24E32 /* Frameworks */ = {
			isa = PBXFrameworksBuildPhase;
			buildActionMask = 2147483647;
			files = (
			);
			runOnlyForDeploymentPostprocessing = 0;
		};
		626FA66429CE302400C24E32 /* Frameworks */ = {
			isa = PBXFrameworksBuildPhase;
			buildActionMask = 2147483647;
			files = (
			);
			runOnlyForDeploymentPostprocessing = 0;
		};
/* End PBXFrameworksBuildPhase section */

/* Begin PBXGroup section */
		3D681C4129D2169E005E9AE4 /* Fonts */ = {
			isa = PBXGroup;
			children = (
				3D681C4229D216F2005E9AE4 /* AllertaStencil-Regular.ttf */,
			);
			path = Fonts;
			sourceTree = "<group>";
		};
		626FA64329CE302200C24E32 = {
			isa = PBXGroup;
			children = (
				626FA64E29CE302200C24E32 /* FitIn */,
				626FA66029CE302400C24E32 /* FitInTests */,
				626FA66A29CE302400C24E32 /* FitInUITests */,
				626FA64D29CE302200C24E32 /* Products */,
			);
			sourceTree = "<group>";
		};
		626FA64D29CE302200C24E32 /* Products */ = {
			isa = PBXGroup;
			children = (
				626FA64C29CE302200C24E32 /* FitIn.app */,
				626FA65D29CE302400C24E32 /* FitInTests.xctest */,
				626FA66729CE302400C24E32 /* FitInUITests.xctest */,
			);
			name = Products;
			sourceTree = "<group>";
		};
		626FA64E29CE302200C24E32 /* FitIn */ = {
			isa = PBXGroup;
			children = (
				3D04865529D2A4BF00297B16 /* Info.plist */,
				626FA67B29CE3C0600C24E32 /* Models */,
				626FA67A29CE3BFF00C24E32 /* Views */,
				626FA64F29CE302200C24E32 /* FitInApp.swift */,
				626FA65129CE302200C24E32 /* ContentView.swift */,
				626FA65329CE302300C24E32 /* Assets.xcassets */,
				3D681C4129D2169E005E9AE4 /* Fonts */,
				626FA65529CE302300C24E32 /* FitIn.entitlements */,
				626FA65629CE302300C24E32 /* Preview Content */,
			);
			path = FitIn;
			sourceTree = "<group>";
		};
		626FA65629CE302300C24E32 /* Preview Content */ = {
			isa = PBXGroup;
			children = (
				626FA65729CE302300C24E32 /* Preview Assets.xcassets */,
			);
			path = "Preview Content";
			sourceTree = "<group>";
		};
		626FA66029CE302400C24E32 /* FitInTests */ = {
			isa = PBXGroup;
			children = (
				626FA66129CE302400C24E32 /* FitInTests.swift */,
			);
			path = FitInTests;
			sourceTree = "<group>";
		};
		626FA66A29CE302400C24E32 /* FitInUITests */ = {
			isa = PBXGroup;
			children = (
				626FA66B29CE302400C24E32 /* FitInUITests.swift */,
				626FA66D29CE302400C24E32 /* FitInUITestsLaunchTests.swift */,
			);
			path = FitInUITests;
			sourceTree = "<group>";
		};
		626FA67A29CE3BFF00C24E32 /* Views */ = {
			isa = PBXGroup;
			children = (
				626FA68029CE3C7700C24E32 /* HomeView.swift */,
				626FA68229CE3C8500C24E32 /* TrackerView.swift */,
				626FA68429CE3C9C00C24E32 /* ExercisesView.swift */,
				3D681C3F29D214BF005E9AE4 /* LoginView.swift */,
				3DDEA7EE29D3E871000FAA18 /* SignupView.swift */,
			);
			path = Views;
			sourceTree = "<group>";
		};
		626FA67B29CE3C0600C24E32 /* Models */ = {
			isa = PBXGroup;
			children = (
				626FA67C29CE3C2200C24E32 /* Exercise.swift */,
				626FA67E29CE3C2E00C24E32 /* User.swift */,
				305C6C2429D8FA370008A589 /* Posts.swift */,
			);
			path = Models;
			sourceTree = "<group>";
		};
/* End PBXGroup section */

/* Begin PBXNativeTarget section */
		626FA64B29CE302200C24E32 /* FitIn */ = {
			isa = PBXNativeTarget;
			buildConfigurationList = 626FA67129CE302400C24E32 /* Build configuration list for PBXNativeTarget "FitIn" */;
			buildPhases = (
				626FA64829CE302200C24E32 /* Sources */,
				626FA64929CE302200C24E32 /* Frameworks */,
				626FA64A29CE302200C24E32 /* Resources */,
			);
			buildRules = (
			);
			dependencies = (
			);
			name = FitIn;
			packageProductDependencies = (
				3DAE12E929D0B3C400243136 /* ParseSwift */,
			);
			productName = FitIn;
			productReference = 626FA64C29CE302200C24E32 /* FitIn.app */;
			productType = "com.apple.product-type.application";
		};
		626FA65C29CE302400C24E32 /* FitInTests */ = {
			isa = PBXNativeTarget;
			buildConfigurationList = 626FA67429CE302400C24E32 /* Build configuration list for PBXNativeTarget "FitInTests" */;
			buildPhases = (
				626FA65929CE302400C24E32 /* Sources */,
				626FA65A29CE302400C24E32 /* Frameworks */,
				626FA65B29CE302400C24E32 /* Resources */,
			);
			buildRules = (
			);
			dependencies = (
				626FA65F29CE302400C24E32 /* PBXTargetDependency */,
			);
			name = FitInTests;
			productName = FitInTests;
			productReference = 626FA65D29CE302400C24E32 /* FitInTests.xctest */;
			productType = "com.apple.product-type.bundle.unit-test";
		};
		626FA66629CE302400C24E32 /* FitInUITests */ = {
			isa = PBXNativeTarget;
			buildConfigurationList = 626FA67729CE302400C24E32 /* Build configuration list for PBXNativeTarget "FitInUITests" */;
			buildPhases = (
				626FA66329CE302400C24E32 /* Sources */,
				626FA66429CE302400C24E32 /* Frameworks */,
				626FA66529CE302400C24E32 /* Resources */,
			);
			buildRules = (
			);
			dependencies = (
				626FA66929CE302400C24E32 /* PBXTargetDependency */,
			);
			name = FitInUITests;
			productName = FitInUITests;
			productReference = 626FA66729CE302400C24E32 /* FitInUITests.xctest */;
			productType = "com.apple.product-type.bundle.ui-testing";
		};
/* End PBXNativeTarget section */

/* Begin PBXProject section */
		626FA64429CE302200C24E32 /* Project object */ = {
			isa = PBXProject;
			attributes = {
				BuildIndependentTargetsInParallel = 1;
				LastSwiftUpdateCheck = 1420;
				LastUpgradeCheck = 1420;
				TargetAttributes = {
					626FA64B29CE302200C24E32 = {
						CreatedOnToolsVersion = 14.2;
					};
					626FA65C29CE302400C24E32 = {
						CreatedOnToolsVersion = 14.2;
						TestTargetID = 626FA64B29CE302200C24E32;
					};
					626FA66629CE302400C24E32 = {
						CreatedOnToolsVersion = 14.2;
						TestTargetID = 626FA64B29CE302200C24E32;
					};
				};
			};
			buildConfigurationList = 626FA64729CE302200C24E32 /* Build configuration list for PBXProject "FitIn" */;
			compatibilityVersion = "Xcode 14.0";
			developmentRegion = en;
			hasScannedForEncodings = 0;
			knownRegions = (
				en,
				Base,
			);
			mainGroup = 626FA64329CE302200C24E32;
			packageReferences = (
				3DAE12E829D0B3C400243136 /* XCRemoteSwiftPackageReference "Parse-Swift" */,
			);
			productRefGroup = 626FA64D29CE302200C24E32 /* Products */;
			projectDirPath = "";
			projectRoot = "";
			targets = (
				626FA64B29CE302200C24E32 /* FitIn */,
				626FA65C29CE302400C24E32 /* FitInTests */,
				626FA66629CE302400C24E32 /* FitInUITests */,
			);
		};
/* End PBXProject section */

/* Begin PBXResourcesBuildPhase section */
		626FA64A29CE302200C24E32 /* Resources */ = {
			isa = PBXResourcesBuildPhase;
			buildActionMask = 2147483647;
			files = (
				3D681C4329D216F2005E9AE4 /* AllertaStencil-Regular.ttf in Resources */,
				626FA65829CE302300C24E32 /* Preview Assets.xcassets in Resources */,
				626FA65429CE302300C24E32 /* Assets.xcassets in Resources */,
			);
			runOnlyForDeploymentPostprocessing = 0;
		};
		626FA65B29CE302400C24E32 /* Resources */ = {
			isa = PBXResourcesBuildPhase;
			buildActionMask = 2147483647;
			files = (
			);
			runOnlyForDeploymentPostprocessing = 0;
		};
		626FA66529CE302400C24E32 /* Resources */ = {
			isa = PBXResourcesBuildPhase;
			buildActionMask = 2147483647;
			files = (
			);
			runOnlyForDeploymentPostprocessing = 0;
		};
/* End PBXResourcesBuildPhase section */

/* Begin PBXSourcesBuildPhase section */
		626FA64829CE302200C24E32 /* Sources */ = {
			isa = PBXSourcesBuildPhase;
			buildActionMask = 2147483647;
			files = (
				3DDEA7EF29D3E871000FAA18 /* SignupView.swift in Sources */,
				626FA67F29CE3C2E00C24E32 /* User.swift in Sources */,
				626FA65229CE302200C24E32 /* ContentView.swift in Sources */,
				626FA65029CE302200C24E32 /* FitInApp.swift in Sources */,
				626FA68129CE3C7700C24E32 /* HomeView.swift in Sources */,
				626FA67D29CE3C2200C24E32 /* Exercise.swift in Sources */,
				626FA68529CE3C9C00C24E32 /* ExercisesView.swift in Sources */,
				305C6C2529D8FA370008A589 /* Posts.swift in Sources */,
				3D681C4029D214BF005E9AE4 /* LoginView.swift in Sources */,
				626FA68329CE3C8500C24E32 /* TrackerView.swift in Sources */,
			);
			runOnlyForDeploymentPostprocessing = 0;
		};
		626FA65929CE302400C24E32 /* Sources */ = {
			isa = PBXSourcesBuildPhase;
			buildActionMask = 2147483647;
			files = (
				626FA66229CE302400C24E32 /* FitInTests.swift in Sources */,
			);
			runOnlyForDeploymentPostprocessing = 0;
		};
		626FA66329CE302400C24E32 /* Sources */ = {
			isa = PBXSourcesBuildPhase;
			buildActionMask = 2147483647;
			files = (
				626FA66C29CE302400C24E32 /* FitInUITests.swift in Sources */,
				626FA66E29CE302400C24E32 /* FitInUITestsLaunchTests.swift in Sources */,
			);
			runOnlyForDeploymentPostprocessing = 0;
		};
/* End PBXSourcesBuildPhase section */

/* Begin PBXTargetDependency section */
		626FA65F29CE302400C24E32 /* PBXTargetDependency */ = {
			isa = PBXTargetDependency;
			target = 626FA64B29CE302200C24E32 /* FitIn */;
			targetProxy = 626FA65E29CE302400C24E32 /* PBXContainerItemProxy */;
		};
		626FA66929CE302400C24E32 /* PBXTargetDependency */ = {
			isa = PBXTargetDependency;
			target = 626FA64B29CE302200C24E32 /* FitIn */;
			targetProxy = 626FA66829CE302400C24E32 /* PBXContainerItemProxy */;
		};
/* End PBXTargetDependency section */

/* Begin XCBuildConfiguration section */
		626FA66F29CE302400C24E32 /* Debug */ = {
			isa = XCBuildConfiguration;
			buildSettings = {
				ALWAYS_SEARCH_USER_PATHS = NO;
				CLANG_ANALYZER_NONNULL = YES;
				CLANG_ANALYZER_NUMBER_OBJECT_CONVERSION = YES_AGGRESSIVE;
				CLANG_CXX_LANGUAGE_STANDARD = "gnu++20";
				CLANG_ENABLE_MODULES = YES;
				CLANG_ENABLE_OBJC_ARC = YES;
				CLANG_ENABLE_OBJC_WEAK = YES;
				CLANG_WARN_BLOCK_CAPTURE_AUTORELEASING = YES;
				CLANG_WARN_BOOL_CONVERSION = YES;
				CLANG_WARN_COMMA = YES;
				CLANG_WARN_CONSTANT_CONVERSION = YES;
				CLANG_WARN_DEPRECATED_OBJC_IMPLEMENTATIONS = YES;
				CLANG_WARN_DIRECT_OBJC_ISA_USAGE = YES_ERROR;
				CLANG_WARN_DOCUMENTATION_COMMENTS = YES;
				CLANG_WARN_EMPTY_BODY = YES;
				CLANG_WARN_ENUM_CONVERSION = YES;
				CLANG_WARN_INFINITE_RECURSION = YES;
				CLANG_WARN_INT_CONVERSION = YES;
				CLANG_WARN_NON_LITERAL_NULL_CONVERSION = YES;
				CLANG_WARN_OBJC_IMPLICIT_RETAIN_SELF = YES;
				CLANG_WARN_OBJC_LITERAL_CONVERSION = YES;
				CLANG_WARN_OBJC_ROOT_CLASS = YES_ERROR;
				CLANG_WARN_QUOTED_INCLUDE_IN_FRAMEWORK_HEADER = YES;
				CLANG_WARN_RANGE_LOOP_ANALYSIS = YES;
				CLANG_WARN_STRICT_PROTOTYPES = YES;
				CLANG_WARN_SUSPICIOUS_MOVE = YES;
				CLANG_WARN_UNGUARDED_AVAILABILITY = YES_AGGRESSIVE;
				CLANG_WARN_UNREACHABLE_CODE = YES;
				CLANG_WARN__DUPLICATE_METHOD_MATCH = YES;
				COPY_PHASE_STRIP = NO;
				DEBUG_INFORMATION_FORMAT = dwarf;
				ENABLE_STRICT_OBJC_MSGSEND = YES;
				ENABLE_TESTABILITY = YES;
				GCC_C_LANGUAGE_STANDARD = gnu11;
				GCC_DYNAMIC_NO_PIC = NO;
				GCC_NO_COMMON_BLOCKS = YES;
				GCC_OPTIMIZATION_LEVEL = 0;
				GCC_PREPROCESSOR_DEFINITIONS = (
					"DEBUG=1",
					"$(inherited)",
				);
				GCC_WARN_64_TO_32_BIT_CONVERSION = YES;
				GCC_WARN_ABOUT_RETURN_TYPE = YES_ERROR;
				GCC_WARN_UNDECLARED_SELECTOR = YES;
				GCC_WARN_UNINITIALIZED_AUTOS = YES_AGGRESSIVE;
				GCC_WARN_UNUSED_FUNCTION = YES;
				GCC_WARN_UNUSED_VARIABLE = YES;
				IPHONEOS_DEPLOYMENT_TARGET = 16.2;
				MTL_ENABLE_DEBUG_INFO = INCLUDE_SOURCE;
				MTL_FAST_MATH = YES;
				ONLY_ACTIVE_ARCH = YES;
				SWIFT_ACTIVE_COMPILATION_CONDITIONS = DEBUG;
				SWIFT_OPTIMIZATION_LEVEL = "-Onone";
			};
			name = Debug;
		};
		626FA67029CE302400C24E32 /* Release */ = {
			isa = XCBuildConfiguration;
			buildSettings = {
				ALWAYS_SEARCH_USER_PATHS = NO;
				CLANG_ANALYZER_NONNULL = YES;
				CLANG_ANALYZER_NUMBER_OBJECT_CONVERSION = YES_AGGRESSIVE;
				CLANG_CXX_LANGUAGE_STANDARD = "gnu++20";
				CLANG_ENABLE_MODULES = YES;
				CLANG_ENABLE_OBJC_ARC = YES;
				CLANG_ENABLE_OBJC_WEAK = YES;
				CLANG_WARN_BLOCK_CAPTURE_AUTORELEASING = YES;
				CLANG_WARN_BOOL_CONVERSION = YES;
				CLANG_WARN_COMMA = YES;
				CLANG_WARN_CONSTANT_CONVERSION = YES;
				CLANG_WARN_DEPRECATED_OBJC_IMPLEMENTATIONS = YES;
				CLANG_WARN_DIRECT_OBJC_ISA_USAGE = YES_ERROR;
				CLANG_WARN_DOCUMENTATION_COMMENTS = YES;
				CLANG_WARN_EMPTY_BODY = YES;
				CLANG_WARN_ENUM_CONVERSION = YES;
				CLANG_WARN_INFINITE_RECURSION = YES;
				CLANG_WARN_INT_CONVERSION = YES;
				CLANG_WARN_NON_LITERAL_NULL_CONVERSION = YES;
				CLANG_WARN_OBJC_IMPLICIT_RETAIN_SELF = YES;
				CLANG_WARN_OBJC_LITERAL_CONVERSION = YES;
				CLANG_WARN_OBJC_ROOT_CLASS = YES_ERROR;
				CLANG_WARN_QUOTED_INCLUDE_IN_FRAMEWORK_HEADER = YES;
				CLANG_WARN_RANGE_LOOP_ANALYSIS = YES;
				CLANG_WARN_STRICT_PROTOTYPES = YES;
				CLANG_WARN_SUSPICIOUS_MOVE = YES;
				CLANG_WARN_UNGUARDED_AVAILABILITY = YES_AGGRESSIVE;
				CLANG_WARN_UNREACHABLE_CODE = YES;
				CLANG_WARN__DUPLICATE_METHOD_MATCH = YES;
				COPY_PHASE_STRIP = NO;
				DEBUG_INFORMATION_FORMAT = "dwarf-with-dsym";
				ENABLE_NS_ASSERTIONS = NO;
				ENABLE_STRICT_OBJC_MSGSEND = YES;
				GCC_C_LANGUAGE_STANDARD = gnu11;
				GCC_NO_COMMON_BLOCKS = YES;
				GCC_WARN_64_TO_32_BIT_CONVERSION = YES;
				GCC_WARN_ABOUT_RETURN_TYPE = YES_ERROR;
				GCC_WARN_UNDECLARED_SELECTOR = YES;
				GCC_WARN_UNINITIALIZED_AUTOS = YES_AGGRESSIVE;
				GCC_WARN_UNUSED_FUNCTION = YES;
				GCC_WARN_UNUSED_VARIABLE = YES;
				IPHONEOS_DEPLOYMENT_TARGET = 16.2;
				MTL_ENABLE_DEBUG_INFO = NO;
				MTL_FAST_MATH = YES;
				SWIFT_COMPILATION_MODE = wholemodule;
				SWIFT_OPTIMIZATION_LEVEL = "-O";
			};
			name = Release;
		};
		626FA67229CE302400C24E32 /* Debug */ = {
			isa = XCBuildConfiguration;
			buildSettings = {
				ASSETCATALOG_COMPILER_APPICON_NAME = AppIcon;
				ASSETCATALOG_COMPILER_GLOBAL_ACCENT_COLOR_NAME = AccentColor;
				CODE_SIGN_ENTITLEMENTS = FitIn/FitIn.entitlements;
				"CODE_SIGN_IDENTITY[sdk=macosx*]" = "Apple Development";
				CODE_SIGN_STYLE = Automatic;
				CURRENT_PROJECT_VERSION = 1;
				DEVELOPMENT_ASSET_PATHS = "\"FitIn/Preview Content\"";
				DEVELOPMENT_TEAM = 62UNRNFLPS;
				ENABLE_PREVIEWS = YES;
				GENERATE_INFOPLIST_FILE = YES;
				INFOPLIST_FILE = FitIn/Info.plist;
				INFOPLIST_KEY_CFBundleDisplayName = FitIn;
				"INFOPLIST_KEY_UIApplicationSceneManifest_Generation[sdk=iphoneos*]" = YES;
				"INFOPLIST_KEY_UIApplicationSceneManifest_Generation[sdk=iphonesimulator*]" = YES;
				"INFOPLIST_KEY_UIApplicationSupportsIndirectInputEvents[sdk=iphoneos*]" = YES;
				"INFOPLIST_KEY_UIApplicationSupportsIndirectInputEvents[sdk=iphonesimulator*]" = YES;
				"INFOPLIST_KEY_UILaunchScreen_Generation[sdk=iphoneos*]" = YES;
				"INFOPLIST_KEY_UILaunchScreen_Generation[sdk=iphonesimulator*]" = YES;
				"INFOPLIST_KEY_UIStatusBarStyle[sdk=iphoneos*]" = UIStatusBarStyleDefault;
				"INFOPLIST_KEY_UIStatusBarStyle[sdk=iphonesimulator*]" = UIStatusBarStyleDefault;
				INFOPLIST_KEY_UISupportedInterfaceOrientations_iPad = "UIInterfaceOrientationPortrait UIInterfaceOrientationPortraitUpsideDown UIInterfaceOrientationLandscapeLeft UIInterfaceOrientationLandscapeRight";
				INFOPLIST_KEY_UISupportedInterfaceOrientations_iPhone = "UIInterfaceOrientationPortrait UIInterfaceOrientationLandscapeLeft UIInterfaceOrientationLandscapeRight";
				IPHONEOS_DEPLOYMENT_TARGET = 16.2;
				LD_RUNPATH_SEARCH_PATHS = "@executable_path/Frameworks";
				"LD_RUNPATH_SEARCH_PATHS[sdk=macosx*]" = "@executable_path/../Frameworks";
				MACOSX_DEPLOYMENT_TARGET = 13.1;
				MARKETING_VERSION = 1.0;
				PRODUCT_BUNDLE_IDENTIFIER = com.COP4655.FitIn;
				PRODUCT_NAME = "$(TARGET_NAME)";
				SDKROOT = auto;
				SUPPORTED_PLATFORMS = "iphoneos iphonesimulator";
				SUPPORTS_MACCATALYST = NO;
				SUPPORTS_MAC_DESIGNED_FOR_IPHONE_IPAD = NO;
				SWIFT_EMIT_LOC_STRINGS = YES;
				SWIFT_VERSION = 5.0;
				TARGETED_DEVICE_FAMILY = "1,2";
			};
			name = Debug;
		};
		626FA67329CE302400C24E32 /* Release */ = {
			isa = XCBuildConfiguration;
			buildSettings = {
				ASSETCATALOG_COMPILER_APPICON_NAME = AppIcon;
				ASSETCATALOG_COMPILER_GLOBAL_ACCENT_COLOR_NAME = AccentColor;
				CODE_SIGN_ENTITLEMENTS = FitIn/FitIn.entitlements;
				"CODE_SIGN_IDENTITY[sdk=macosx*]" = "Apple Development";
				CODE_SIGN_STYLE = Automatic;
				CURRENT_PROJECT_VERSION = 1;
				DEVELOPMENT_ASSET_PATHS = "\"FitIn/Preview Content\"";
				DEVELOPMENT_TEAM = 62UNRNFLPS;
				ENABLE_PREVIEWS = YES;
				GENERATE_INFOPLIST_FILE = YES;
				INFOPLIST_FILE = FitIn/Info.plist;
				INFOPLIST_KEY_CFBundleDisplayName = FitIn;
				"INFOPLIST_KEY_UIApplicationSceneManifest_Generation[sdk=iphoneos*]" = YES;
				"INFOPLIST_KEY_UIApplicationSceneManifest_Generation[sdk=iphonesimulator*]" = YES;
				"INFOPLIST_KEY_UIApplicationSupportsIndirectInputEvents[sdk=iphoneos*]" = YES;
				"INFOPLIST_KEY_UIApplicationSupportsIndirectInputEvents[sdk=iphonesimulator*]" = YES;
				"INFOPLIST_KEY_UILaunchScreen_Generation[sdk=iphoneos*]" = YES;
				"INFOPLIST_KEY_UILaunchScreen_Generation[sdk=iphonesimulator*]" = YES;
				"INFOPLIST_KEY_UIStatusBarStyle[sdk=iphoneos*]" = UIStatusBarStyleDefault;
				"INFOPLIST_KEY_UIStatusBarStyle[sdk=iphonesimulator*]" = UIStatusBarStyleDefault;
				INFOPLIST_KEY_UISupportedInterfaceOrientations_iPad = "UIInterfaceOrientationPortrait UIInterfaceOrientationPortraitUpsideDown UIInterfaceOrientationLandscapeLeft UIInterfaceOrientationLandscapeRight";
				INFOPLIST_KEY_UISupportedInterfaceOrientations_iPhone = "UIInterfaceOrientationPortrait UIInterfaceOrientationLandscapeLeft UIInterfaceOrientationLandscapeRight";
				IPHONEOS_DEPLOYMENT_TARGET = 16.2;
				LD_RUNPATH_SEARCH_PATHS = "@executable_path/Frameworks";
				"LD_RUNPATH_SEARCH_PATHS[sdk=macosx*]" = "@executable_path/../Frameworks";
				MACOSX_DEPLOYMENT_TARGET = 13.1;
				MARKETING_VERSION = 1.0;
				PRODUCT_BUNDLE_IDENTIFIER = com.COP4655.FitIn;
				PRODUCT_NAME = "$(TARGET_NAME)";
				SDKROOT = auto;
				SUPPORTED_PLATFORMS = "iphoneos iphonesimulator";
				SUPPORTS_MACCATALYST = NO;
				SUPPORTS_MAC_DESIGNED_FOR_IPHONE_IPAD = NO;
				SWIFT_EMIT_LOC_STRINGS = YES;
				SWIFT_VERSION = 5.0;
				TARGETED_DEVICE_FAMILY = "1,2";
			};
			name = Release;
		};
		626FA67529CE302400C24E32 /* Debug */ = {
			isa = XCBuildConfiguration;
			buildSettings = {
				ALWAYS_EMBED_SWIFT_STANDARD_LIBRARIES = YES;
				BUNDLE_LOADER = "$(TEST_HOST)";
				CODE_SIGN_STYLE = Automatic;
				CURRENT_PROJECT_VERSION = 1;
				GENERATE_INFOPLIST_FILE = YES;
				IPHONEOS_DEPLOYMENT_TARGET = 16.2;
				MACOSX_DEPLOYMENT_TARGET = 13.1;
				MARKETING_VERSION = 1.0;
				PRODUCT_BUNDLE_IDENTIFIER = com.COP4655.FitInTests;
				PRODUCT_NAME = "$(TARGET_NAME)";
				SDKROOT = auto;
				SUPPORTED_PLATFORMS = "iphoneos iphonesimulator macosx";
				SWIFT_EMIT_LOC_STRINGS = NO;
				SWIFT_VERSION = 5.0;
				TARGETED_DEVICE_FAMILY = "1,2";
				TEST_HOST = "$(BUILT_PRODUCTS_DIR)/FitIn.app/$(BUNDLE_EXECUTABLE_FOLDER_PATH)/FitIn";
			};
			name = Debug;
		};
		626FA67629CE302400C24E32 /* Release */ = {
			isa = XCBuildConfiguration;
			buildSettings = {
				ALWAYS_EMBED_SWIFT_STANDARD_LIBRARIES = YES;
				BUNDLE_LOADER = "$(TEST_HOST)";
				CODE_SIGN_STYLE = Automatic;
				CURRENT_PROJECT_VERSION = 1;
				GENERATE_INFOPLIST_FILE = YES;
				IPHONEOS_DEPLOYMENT_TARGET = 16.2;
				MACOSX_DEPLOYMENT_TARGET = 13.1;
				MARKETING_VERSION = 1.0;
				PRODUCT_BUNDLE_IDENTIFIER = com.COP4655.FitInTests;
				PRODUCT_NAME = "$(TARGET_NAME)";
				SDKROOT = auto;
				SUPPORTED_PLATFORMS = "iphoneos iphonesimulator macosx";
				SWIFT_EMIT_LOC_STRINGS = NO;
				SWIFT_VERSION = 5.0;
				TARGETED_DEVICE_FAMILY = "1,2";
				TEST_HOST = "$(BUILT_PRODUCTS_DIR)/FitIn.app/$(BUNDLE_EXECUTABLE_FOLDER_PATH)/FitIn";
			};
			name = Release;
		};
		626FA67829CE302400C24E32 /* Debug */ = {
			isa = XCBuildConfiguration;
			buildSettings = {
				ALWAYS_EMBED_SWIFT_STANDARD_LIBRARIES = YES;
				CODE_SIGN_STYLE = Automatic;
				CURRENT_PROJECT_VERSION = 1;
				GENERATE_INFOPLIST_FILE = YES;
				IPHONEOS_DEPLOYMENT_TARGET = 16.2;
				MACOSX_DEPLOYMENT_TARGET = 13.1;
				MARKETING_VERSION = 1.0;
				PRODUCT_BUNDLE_IDENTIFIER = com.COP4655.FitInUITests;
				PRODUCT_NAME = "$(TARGET_NAME)";
				SDKROOT = auto;
				SUPPORTED_PLATFORMS = "iphoneos iphonesimulator macosx";
				SWIFT_EMIT_LOC_STRINGS = NO;
				SWIFT_VERSION = 5.0;
				TARGETED_DEVICE_FAMILY = "1,2";
				TEST_TARGET_NAME = FitIn;
			};
			name = Debug;
		};
		626FA67929CE302400C24E32 /* Release */ = {
			isa = XCBuildConfiguration;
			buildSettings = {
				ALWAYS_EMBED_SWIFT_STANDARD_LIBRARIES = YES;
				CODE_SIGN_STYLE = Automatic;
				CURRENT_PROJECT_VERSION = 1;
				GENERATE_INFOPLIST_FILE = YES;
				IPHONEOS_DEPLOYMENT_TARGET = 16.2;
				MACOSX_DEPLOYMENT_TARGET = 13.1;
				MARKETING_VERSION = 1.0;
				PRODUCT_BUNDLE_IDENTIFIER = com.COP4655.FitInUITests;
				PRODUCT_NAME = "$(TARGET_NAME)";
				SDKROOT = auto;
				SUPPORTED_PLATFORMS = "iphoneos iphonesimulator macosx";
				SWIFT_EMIT_LOC_STRINGS = NO;
				SWIFT_VERSION = 5.0;
				TARGETED_DEVICE_FAMILY = "1,2";
				TEST_TARGET_NAME = FitIn;
			};
			name = Release;
		};
/* End XCBuildConfiguration section */

/* Begin XCConfigurationList section */
		626FA64729CE302200C24E32 /* Build configuration list for PBXProject "FitIn" */ = {
			isa = XCConfigurationList;
			buildConfigurations = (
				626FA66F29CE302400C24E32 /* Debug */,
				626FA67029CE302400C24E32 /* Release */,
			);
			defaultConfigurationIsVisible = 0;
			defaultConfigurationName = Release;
		};
		626FA67129CE302400C24E32 /* Build configuration list for PBXNativeTarget "FitIn" */ = {
			isa = XCConfigurationList;
			buildConfigurations = (
				626FA67229CE302400C24E32 /* Debug */,
				626FA67329CE302400C24E32 /* Release */,
			);
			defaultConfigurationIsVisible = 0;
			defaultConfigurationName = Release;
		};
		626FA67429CE302400C24E32 /* Build configuration list for PBXNativeTarget "FitInTests" */ = {
			isa = XCConfigurationList;
			buildConfigurations = (
				626FA67529CE302400C24E32 /* Debug */,
				626FA67629CE302400C24E32 /* Release */,
			);
			defaultConfigurationIsVisible = 0;
			defaultConfigurationName = Release;
		};
		626FA67729CE302400C24E32 /* Build configuration list for PBXNativeTarget "FitInUITests" */ = {
			isa = XCConfigurationList;
			buildConfigurations = (
				626FA67829CE302400C24E32 /* Debug */,
				626FA67929CE302400C24E32 /* Release */,
			);
			defaultConfigurationIsVisible = 0;
			defaultConfigurationName = Release;
		};
/* End XCConfigurationList section */

/* Begin XCRemoteSwiftPackageReference section */
		3DAE12E829D0B3C400243136 /* XCRemoteSwiftPackageReference "Parse-Swift" */ = {
			isa = XCRemoteSwiftPackageReference;
			repositoryURL = "https://github.com/parse-community/Parse-Swift.git";
			requirement = {
				branch = main;
				kind = branch;
			};
		};
/* End XCRemoteSwiftPackageReference section */

/* Begin XCSwiftPackageProductDependency section */
		3DAE12E929D0B3C400243136 /* ParseSwift */ = {
			isa = XCSwiftPackageProductDependency;
			package = 3DAE12E829D0B3C400243136 /* XCRemoteSwiftPackageReference "Parse-Swift" */;
			productName = ParseSwift;
		};
/* End XCSwiftPackageProductDependency section */
	};
	rootObject = 626FA64429CE302200C24E32 /* Project object */;
}
