{
  "pins" : [
    {
      "identity" : "nuke",
      "kind" : "remoteSourceControl",
      "location" : "https://github.com/kean/Nuke.git",
      "state" : {
        "revision" : "7f73ceaeacd5df75a7994cd82e165ad9ff1815db",
        "version" : "9.6.1"
      }
    },
    {
      "identity" : "parse-swift",
      "kind" : "remoteSourceControl",
      "location" : "https://github.com/parse-community/Parse-Swift.git",
      "state" : {
        "branch" : "main",
        "revision" : "3d4bb13acd7496a49b259e541928ad493219d363"
      }
    }
  ],
  "version" : 2
}
